
Microsoft Visual Studio Solution File, Format Version 12.00
# Visual Studio Version 17
VisualStudioVersion = 17.7.34202.233
MinimumVisualStudioVersion = 10.0.40219.1
Project("{8BC9CEB8-8B4A-11D0-8D11-00A0C91BC942}") = "ConsoleApplication3", "ConsoleApplication3.vcxproj", "{EE809165-43CD-4A4F-A72D-3343CA2A8AA3}"
EndProject
Global
	GlobalSection(SolutionConfigurationPlatforms) = preSolution
		Debug|x64 = Debug|x64
		Debug|x86 = Debug|x86
		Release|x64 = Release|x64
		Release|x86 = Release|x86
	EndGlobalSection
	GlobalSection(ProjectConfigurationPlatforms) = postSolution
		{EE809165-43CD-4A4F-A72D-3343CA2A8AA3}.Debug|x64.ActiveCfg = Debug|x64
		{EE809165-43CD-4A4F-A72D-3343CA2A8AA3}.Debug|x64.Build.0 = Debug|x64
		{EE809165-43CD-4A4F-A72D-3343CA2A8AA3}.Debug|x86.ActiveCfg = Debug|Win32
		{EE809165-43CD-4A4F-A72D-3343CA2A8AA3}.Debug|x86.Build.0 = Debug|Win32
		{EE809165-43CD-4A4F-A72D-3343CA2A8AA3}.Release|x64.ActiveCfg = Release|x64
		{EE809165-43CD-4A4F-A72D-3343CA2A8AA3}.Release|x64.Build.0 = Release|x64
		{EE809165-43CD-4A4F-A72D-3343CA2A8AA3}.Release|x86.ActiveCfg = Release|Win32
		{EE809165-43CD-4A4F-A72D-3343CA2A8AA3}.Release|x86.Build.0 = Release|Win32
	EndGlobalSection
	GlobalSection(SolutionProperties) = preSolution
		HideSolutionNode = FALSE
	EndGlobalSection
	GlobalSection(ExtensibilityGlobals) = postSolution
		SolutionGuid = {9FB943E5-FA3C-45D0-8D74-7D1409DF45B9}
	EndGlobalSection
EndGlobal
